// !$*UTF8*$!
{
	archiveVersion = 1;
	classes = {
	};
	objectVersion = 45;
	objects = {

/* Begin PBXBuildFile section */
		8D11072D0486CEB800E47090 /* main.m in Sources */ = {isa = PBXBuildFile; fileRef = 29B97316FDCFA39411CA2CEA /* main.m */; settings = {ATTRIBUTES = (); }; };
		8D11072F0486CEB800E47090 /* Cocoa.framework in Frameworks */ = {isa = PBXBuildFile; fileRef = 1058C7A1FEA54F0111CA2CBB /* Cocoa.framework */; };
		C53B006E138D6FE90026A20F /* Cocoa.framework in Frameworks */ = {isa = PBXBuildFile; fileRef = C53B006D138D6FE90026A20F /* Cocoa.framework */; };
		C53B007A138D700B0026A20F /* PXListView.m in Sources */ = {isa = PBXBuildFile; fileRef = D27858D111B1B5EA00F1CF30 /* PXListView.m */; };
		C53B007E138D700B0026A20F /* PXListView+UserInteraction.m in Sources */ = {isa = PBXBuildFile; fileRef = D25DDA7E133F58A10086783B /* PXListView+UserInteraction.m */; };
		C53B0081138D700B0026A20F /* PXListViewCell.m in Sources */ = {isa = PBXBuildFile; fileRef = D27858D411B1B5FC00F1CF30 /* PXListViewCell.m */; };
		C53B0084138D700B0026A20F /* PXListDocumentView.m in Sources */ = {isa = PBXBuildFile; fileRef = D278592311B1BA6C00F1CF30 /* PXListDocumentView.m */; };
		C53B00AB138D8D860026A20F /* PXListView.h in Headers */ = {isa = PBXBuildFile; fileRef = D27858D011B1B5EA00F1CF30 /* PXListView.h */; settings = {ATTRIBUTES = (Public, ); }; };
		C53B00AC138D8D860026A20F /* PXListView+Private.h in Headers */ = {isa = PBXBuildFile; fileRef = D279A64311B4E95600771B2A /* PXListView+Private.h */; settings = {ATTRIBUTES = (Private, ); }; };
		C53B00AD138D8D860026A20F /* PXListViewDelegate.h in Headers */ = {isa = PBXBuildFile; fileRef = D27858D711B1B6D400F1CF30 /* PXListViewDelegate.h */; settings = {ATTRIBUTES = (Public, ); }; };
		C53B00AE138D8D860026A20F /* PXListView+UserInteraction.h in Headers */ = {isa = PBXBuildFile; fileRef = D25DDA7D133F58A10086783B /* PXListView+UserInteraction.h */; settings = {ATTRIBUTES = (Public, ); }; };
		C53B00AF138D8D860026A20F /* PXListViewDropHighlight.h in Headers */ = {isa = PBXBuildFile; fileRef = 55B9AC9E11EA384C00416532 /* PXListViewDropHighlight.h */; settings = {ATTRIBUTES = (Public, ); }; };
		C53B00B0138D8D860026A20F /* PXListViewCell.h in Headers */ = {isa = PBXBuildFile; fileRef = D27858D311B1B5FC00F1CF30 /* PXListViewCell.h */; settings = {ATTRIBUTES = (Public, ); }; };
		C53B00B1138D8D860026A20F /* PXListViewCell+Private.h in Headers */ = {isa = PBXBuildFile; fileRef = D279A6DD11B4EFCD00771B2A /* PXListViewCell+Private.h */; settings = {ATTRIBUTES = (Private, ); }; };
		C53B00B2138D8D860026A20F /* PXListDocumentView.h in Headers */ = {isa = PBXBuildFile; fileRef = D278592211B1BA6C00F1CF30 /* PXListDocumentView.h */; settings = {ATTRIBUTES = (Public, ); }; };
		D25DDA7F133F58A20086783B /* PXListView+UserInteraction.m in Sources */ = {isa = PBXBuildFile; fileRef = D25DDA7E133F58A10086783B /* PXListView+UserInteraction.m */; };
		D26669CB11B1B2F1007597F1 /* AppDelegate.m in Sources */ = {isa = PBXBuildFile; fileRef = D26669CA11B1B2F1007597F1 /* AppDelegate.m */; };
		D26669D211B1B302007597F1 /* InfoPlist.strings in Resources */ = {isa = PBXBuildFile; fileRef = D26669CE11B1B302007597F1 /* InfoPlist.strings */; };
		D26669D311B1B302007597F1 /* MainMenu.xib in Resources */ = {isa = PBXBuildFile; fileRef = D26669D011B1B302007597F1 /* MainMenu.xib */; };
		D27858D211B1B5EA00F1CF30 /* PXListView.m in Sources */ = {isa = PBXBuildFile; fileRef = D27858D111B1B5EA00F1CF30 /* PXListView.m */; };
		D27858D511B1B5FC00F1CF30 /* PXListViewCell.m in Sources */ = {isa = PBXBuildFile; fileRef = D27858D411B1B5FC00F1CF30 /* PXListViewCell.m */; };
		D278592411B1BA6C00F1CF30 /* PXListDocumentView.m in Sources */ = {isa = PBXBuildFile; fileRef = D278592311B1BA6C00F1CF30 /* PXListDocumentView.m */; };
		D278597011B1BBE800F1CF30 /* MyListViewCell.m in Sources */ = {isa = PBXBuildFile; fileRef = D278596F11B1BBE800F1CF30 /* MyListViewCell.m */; };
		D279A64411B4E95600771B2A /* PXListView+Private.h in Resources */ = {isa = PBXBuildFile; fileRef = D279A64311B4E95600771B2A /* PXListView+Private.h */; };
		D2BED6C01320E08D00E1D0D3 /* MyListViewCell.xib in Resources */ = {isa = PBXBuildFile; fileRef = D2BED6BF1320E08D00E1D0D3 /* MyListViewCell.xib */; };
/* End PBXBuildFile section */

/* Begin PBXFileReference section */
		1058C7A1FEA54F0111CA2CBB /* Cocoa.framework */ = {isa = PBXFileReference; lastKnownFileType = wrapper.framework; name = Cocoa.framework; path = /System/Library/Frameworks/Cocoa.framework; sourceTree = "<absolute>"; };
		13E42FB307B3F0F600E4EEF1 /* CoreData.framework */ = {isa = PBXFileReference; lastKnownFileType = wrapper.framework; name = CoreData.framework; path = /System/Library/Frameworks/CoreData.framework; sourceTree = "<absolute>"; };
		256AC3F00F4B6AF500CF3369 /* PXListView_Prefix.pch */ = {isa = PBXFileReference; fileEncoding = 4; lastKnownFileType = sourcecode.c.h; path = PXListView_Prefix.pch; sourceTree = "<group>"; };
		29B97316FDCFA39411CA2CEA /* main.m */ = {isa = PBXFileReference; fileEncoding = 4; lastKnownFileType = sourcecode.c.objc; path = main.m; sourceTree = "<group>"; };
		29B97324FDCFA39411CA2CEA /* AppKit.framework */ = {isa = PBXFileReference; lastKnownFileType = wrapper.framework; name = AppKit.framework; path = /System/Library/Frameworks/AppKit.framework; sourceTree = "<absolute>"; };
		29B97325FDCFA39411CA2CEA /* Foundation.framework */ = {isa = PBXFileReference; lastKnownFileType = wrapper.framework; name = Foundation.framework; path = /System/Library/Frameworks/Foundation.framework; sourceTree = "<absolute>"; };
		55B9AC9E11EA384C00416532 /* PXListViewDropHighlight.h */ = {isa = PBXFileReference; fileEncoding = 4; lastKnownFileType = sourcecode.c.h; name = PXListViewDropHighlight.h; path = Classes/PXListViewDropHighlight.h; sourceTree = "<group>"; };
		8D1107320486CEB800E47090 /* PXListView.app */ = {isa = PBXFileReference; explicitFileType = wrapper.application; includeInIndex = 0; path = PXListView.app; sourceTree = BUILT_PRODUCTS_DIR; };
		C53B006C138D6FE90026A20F /* PXListView.framework */ = {isa = PBXFileReference; explicitFileType = wrapper.framework; includeInIndex = 0; path = PXListView.framework; sourceTree = BUILT_PRODUCTS_DIR; };
		C53B006D138D6FE90026A20F /* Cocoa.framework */ = {isa = PBXFileReference; lastKnownFileType = wrapper.framework; name = Cocoa.framework; path = System/Library/Frameworks/Cocoa.framework; sourceTree = SDKROOT; };
		C53B0071138D6FEA0026A20F /* PXListView-Info.plist */ = {isa = PBXFileReference; lastKnownFileType = text.plist.xml; path = "PXListView-Info.plist"; sourceTree = "<group>"; };
		C53B0073138D6FEA0026A20F /* en */ = {isa = PBXFileReference; lastKnownFileType = text.plist.strings; name = en; path = en.lproj/InfoPlist.strings; sourceTree = "<group>"; };
		C53B0075138D6FEA0026A20F /* PXListView-Prefix.pch */ = {isa = PBXFileReference; lastKnownFileType = sourcecode.c.h; path = "PXListView-Prefix.pch"; sourceTree = "<group>"; };
		D25DDA7D133F58A10086783B /* PXListView+UserInteraction.h */ = {isa = PBXFileReference; fileEncoding = 4; lastKnownFileType = sourcecode.c.h; name = "PXListView+UserInteraction.h"; path = "Classes/PXListView+UserInteraction.h"; sourceTree = "<group>"; };
		D25DDA7E133F58A10086783B /* PXListView+UserInteraction.m */ = {isa = PBXFileReference; fileEncoding = 4; lastKnownFileType = sourcecode.c.objc; name = "PXListView+UserInteraction.m"; path = "Classes/PXListView+UserInteraction.m"; sourceTree = "<group>"; };
		D26669C911B1B2F1007597F1 /* AppDelegate.h */ = {isa = PBXFileReference; fileEncoding = 4; lastKnownFileType = sourcecode.c.h; name = AppDelegate.h; path = Classes/AppDelegate.h; sourceTree = "<group>"; };
		D26669CA11B1B2F1007597F1 /* AppDelegate.m */ = {isa = PBXFileReference; fileEncoding = 4; lastKnownFileType = sourcecode.c.objc; name = AppDelegate.m; path = Classes/AppDelegate.m; sourceTree = "<group>"; };
		D26669CC11B1B2F8007597F1 /* PXListView-Info.plist */ = {isa = PBXFileReference; fileEncoding = 4; lastKnownFileType = text.plist.xml; name = "PXListView-Info.plist"; path = "Resources/PXListView-Info.plist"; sourceTree = "<group>"; };
		D26669CF11B1B302007597F1 /* English */ = {isa = PBXFileReference; fileEncoding = 4; lastKnownFileType = text.plist.strings; name = English; path = Resources/English.lproj/InfoPlist.strings; sourceTree = "<group>"; };
		D26669D111B1B302007597F1 /* English */ = {isa = PBXFileReference; lastKnownFileType = file.xib; name = English; path = Resources/English.lproj/MainMenu.xib; sourceTree = "<group>"; };
		D27858D011B1B5EA00F1CF30 /* PXListView.h */ = {isa = PBXFileReference; fileEncoding = 4; lastKnownFileType = sourcecode.c.h; name = PXListView.h; path = Classes/PXListView.h; sourceTree = "<group>"; };
		D27858D111B1B5EA00F1CF30 /* PXListView.m */ = {isa = PBXFileReference; fileEncoding = 4; lastKnownFileType = sourcecode.c.objc; name = PXListView.m; path = Classes/PXListView.m; sourceTree = "<group>"; };
		D27858D311B1B5FC00F1CF30 /* PXListViewCell.h */ = {isa = PBXFileReference; fileEncoding = 4; lastKnownFileType = sourcecode.c.h; name = PXListViewCell.h; path = Classes/PXListViewCell.h; sourceTree = "<group>"; };
		D27858D411B1B5FC00F1CF30 /* PXListViewCell.m */ = {isa = PBXFileReference; fileEncoding = 4; lastKnownFileType = sourcecode.c.objc; name = PXListViewCell.m; path = Classes/PXListViewCell.m; sourceTree = "<group>"; };
		D27858D711B1B6D400F1CF30 /* PXListViewDelegate.h */ = {isa = PBXFileReference; fileEncoding = 4; lastKnownFileType = sourcecode.c.h; name = PXListViewDelegate.h; path = Classes/PXListViewDelegate.h; sourceTree = "<group>"; };
		D278592211B1BA6C00F1CF30 /* PXListDocumentView.h */ = {isa = PBXFileReference; fileEncoding = 4; lastKnownFileType = sourcecode.c.h; name = PXListDocumentView.h; path = Classes/PXListDocumentView.h; sourceTree = "<group>"; };
		D278592311B1BA6C00F1CF30 /* PXListDocumentView.m */ = {isa = PBXFileReference; fileEncoding = 4; lastKnownFileType = sourcecode.c.objc; name = PXListDocumentView.m; path = Classes/PXListDocumentView.m; sourceTree = "<group>"; };
		D278596E11B1BBE800F1CF30 /* MyListViewCell.h */ = {isa = PBXFileReference; fileEncoding = 4; lastKnownFileType = sourcecode.c.h; name = MyListViewCell.h; path = Classes/MyListViewCell.h; sourceTree = "<group>"; };
		D278596F11B1BBE800F1CF30 /* MyListViewCell.m */ = {isa = PBXFileReference; fileEncoding = 4; lastKnownFileType = sourcecode.c.objc; name = MyListViewCell.m; path = Classes/MyListViewCell.m; sourceTree = "<group>"; };
		D279A64311B4E95600771B2A /* PXListView+Private.h */ = {isa = PBXFileReference; fileEncoding = 4; lastKnownFileType = sourcecode.c.h; name = "PXListView+Private.h"; path = "Classes/PXListView+Private.h"; sourceTree = "<group>"; };
		D279A65E11B4EB1200771B2A /* README.markdown */ = {isa = PBXFileReference; fileEncoding = 4; lastKnownFileType = text; path = README.markdown; sourceTree = "<group>"; wrapsLines = 1; };
		D279A6DD11B4EFCD00771B2A /* PXListViewCell+Private.h */ = {isa = PBXFileReference; fileEncoding = 4; lastKnownFileType = sourcecode.c.h; name = "PXListViewCell+Private.h"; path = "Classes/PXListViewCell+Private.h"; sourceTree = "<group>"; };
		D2BED6BF1320E08D00E1D0D3 /* MyListViewCell.xib */ = {isa = PBXFileReference; fileEncoding = 4; lastKnownFileType = file.xib; name = MyListViewCell.xib; path = Resources/MyListViewCell.xib; sourceTree = "<group>"; };
/* End PBXFileReference section */

/* Begin PBXFrameworksBuildPhase section */
		8D11072E0486CEB800E47090 /* Frameworks */ = {
			isa = PBXFrameworksBuildPhase;
			buildActionMask = 2147483647;
			files = (
				8D11072F0486CEB800E47090 /* Cocoa.framework in Frameworks */,
			);
			runOnlyForDeploymentPostprocessing = 0;
		};
		C53B0068138D6FE90026A20F /* Frameworks */ = {
			isa = PBXFrameworksBuildPhase;
			buildActionMask = 2147483647;
			files = (
				C53B006E138D6FE90026A20F /* Cocoa.framework in Frameworks */,
			);
			runOnlyForDeploymentPostprocessing = 0;
		};
/* End PBXFrameworksBuildPhase section */

/* Begin PBXGroup section */
		1058C7A0FEA54F0111CA2CBB /* Linked Frameworks */ = {
			isa = PBXGroup;
			children = (
				1058C7A1FEA54F0111CA2CBB /* Cocoa.framework */,
			);
			name = "Linked Frameworks";
			sourceTree = "<group>";
		};
		1058C7A2FEA54F0111CA2CBB /* Other Frameworks */ = {
			isa = PBXGroup;
			children = (
				29B97324FDCFA39411CA2CEA /* AppKit.framework */,
				13E42FB307B3F0F600E4EEF1 /* CoreData.framework */,
				29B97325FDCFA39411CA2CEA /* Foundation.framework */,
			);
			name = "Other Frameworks";
			sourceTree = "<group>";
		};
		19C28FACFE9D520D11CA2CBB /* Products */ = {
			isa = PBXGroup;
			children = (
				8D1107320486CEB800E47090 /* PXListView.app */,
				C53B006C138D6FE90026A20F /* PXListView.framework */,
			);
			name = Products;
			sourceTree = "<group>";
		};
		29B97314FDCFA39411CA2CEA /* PXListView */ = {
			isa = PBXGroup;
			children = (
				D279A65E11B4EB1200771B2A /* README.markdown */,
				D25DDA7A133F568F0086783B /* PXListView */,
				D25DDA7B133F569B0086783B /* Demo App */,
				29B97323FDCFA39411CA2CEA /* Frameworks */,
				19C28FACFE9D520D11CA2CBB /* Products */,
			);
			name = PXListView;
			sourceTree = "<group>";
		};
		29B97315FDCFA39411CA2CEA /* Supporting Files */ = {
			isa = PBXGroup;
			children = (
				256AC3F00F4B6AF500CF3369 /* PXListView_Prefix.pch */,
				29B97316FDCFA39411CA2CEA /* main.m */,
				D26669CC11B1B2F8007597F1 /* PXListView-Info.plist */,
				D26669CE11B1B302007597F1 /* InfoPlist.strings */,
			);
			name = "Supporting Files";
			sourceTree = "<group>";
		};
		29B97323FDCFA39411CA2CEA /* Frameworks */ = {
			isa = PBXGroup;
			children = (
				1058C7A0FEA54F0111CA2CBB /* Linked Frameworks */,
				C53B006D138D6FE90026A20F /* Cocoa.framework */,
				1058C7A2FEA54F0111CA2CBB /* Other Frameworks */,
			);
			name = Frameworks;
			sourceTree = "<group>";
		};
		C53B0070138D6FEA0026A20F /* Supporting Files */ = {
			isa = PBXGroup;
			children = (
				C53B0071138D6FEA0026A20F /* PXListView-Info.plist */,
				C53B0072138D6FEA0026A20F /* InfoPlist.strings */,
				C53B0075138D6FEA0026A20F /* PXListView-Prefix.pch */,
			);
			name = "Supporting Files";
			path = PXListView;
			sourceTree = "<group>";
		};
		D25DDA7A133F568F0086783B /* PXListView */ = {
			isa = PBXGroup;
			children = (
				D27858D011B1B5EA00F1CF30 /* PXListView.h */,
				D27858D111B1B5EA00F1CF30 /* PXListView.m */,
				D279A64311B4E95600771B2A /* PXListView+Private.h */,
				D27858D711B1B6D400F1CF30 /* PXListViewDelegate.h */,
				D25DDA7D133F58A10086783B /* PXListView+UserInteraction.h */,
				D25DDA7E133F58A10086783B /* PXListView+UserInteraction.m */,
				D279A68911B4ECAB00771B2A /* Cells */,
				D278592911B1BA7900F1CF30 /* Misc */,
				C53B0070138D6FEA0026A20F /* Supporting Files */,
			);
			name = PXListView;
			sourceTree = "<group>";
		};
		D25DDA7B133F569B0086783B /* Demo App */ = {
			isa = PBXGroup;
			children = (
				D26669C911B1B2F1007597F1 /* AppDelegate.h */,
				D26669CA11B1B2F1007597F1 /* AppDelegate.m */,
				D26669D011B1B302007597F1 /* MainMenu.xib */,
				D25DDA7C133F56C10086783B /* Custom Cell */,
				29B97315FDCFA39411CA2CEA /* Supporting Files */,
			);
			name = "Demo App";
			sourceTree = "<group>";
		};
		D25DDA7C133F56C10086783B /* Custom Cell */ = {
			isa = PBXGroup;
			children = (
				D278596E11B1BBE800F1CF30 /* MyListViewCell.h */,
				D278596F11B1BBE800F1CF30 /* MyListViewCell.m */,
				D2BED6BF1320E08D00E1D0D3 /* MyListViewCell.xib */,
			);
			name = "Custom Cell";
			sourceTree = "<group>";
		};
		D278592911B1BA7900F1CF30 /* Misc */ = {
			isa = PBXGroup;
			children = (
				D278592211B1BA6C00F1CF30 /* PXListDocumentView.h */,
				D278592311B1BA6C00F1CF30 /* PXListDocumentView.m */,
			);
			name = Misc;
			sourceTree = "<group>";
		};
		D279A68911B4ECAB00771B2A /* Cells */ = {
			isa = PBXGroup;
			children = (
				55B9AC9E11EA384C00416532 /* PXListViewDropHighlight.h */,
				D27858D311B1B5FC00F1CF30 /* PXListViewCell.h */,
				D27858D411B1B5FC00F1CF30 /* PXListViewCell.m */,
				D279A6DD11B4EFCD00771B2A /* PXListViewCell+Private.h */,
			);
			name = Cells;
			sourceTree = "<group>";
		};
/* End PBXGroup section */

/* Begin PBXHeadersBuildPhase section */
		C53B0069138D6FE90026A20F /* Headers */ = {
			isa = PBXHeadersBuildPhase;
			buildActionMask = 2147483647;
			files = (
				C53B00AB138D8D860026A20F /* PXListView.h in Headers */,
				C53B00AD138D8D860026A20F /* PXListViewDelegate.h in Headers */,
				C53B00AE138D8D860026A20F /* PXListView+UserInteraction.h in Headers */,
				C53B00AF138D8D860026A20F /* PXListViewDropHighlight.h in Headers */,
				C53B00B0138D8D860026A20F /* PXListViewCell.h in Headers */,
				C53B00B2138D8D860026A20F /* PXListDocumentView.h in Headers */,
				C53B00AC138D8D860026A20F /* PXListView+Private.h in Headers */,
				C53B00B1138D8D860026A20F /* PXListViewCell+Private.h in Headers */,
			);
			runOnlyForDeploymentPostprocessing = 0;
		};
/* End PBXHeadersBuildPhase section */

/* Begin PBXNativeTarget section */
		8D1107260486CEB800E47090 /* Demo App */ = {
			isa = PBXNativeTarget;
			buildConfigurationList = C01FCF4A08A954540054247B /* Build configuration list for PBXNativeTarget "Demo App" */;
			buildPhases = (
				8D1107290486CEB800E47090 /* Resources */,
				8D11072C0486CEB800E47090 /* Sources */,
				8D11072E0486CEB800E47090 /* Frameworks */,
			);
			buildRules = (
			);
			dependencies = (
			);
			name = "Demo App";
			productInstallPath = "$(HOME)/Applications";
			productName = PXListView;
			productReference = 8D1107320486CEB800E47090 /* PXListView.app */;
			productType = "com.apple.product-type.application";
		};
		C53B006B138D6FE90026A20F /* PXListView */ = {
			isa = PBXNativeTarget;
			buildConfigurationList = C53B0076138D6FEA0026A20F /* Build configuration list for PBXNativeTarget "PXListView" */;
			buildPhases = (
				C53B0067138D6FE90026A20F /* Sources */,
				C53B0068138D6FE90026A20F /* Frameworks */,
				C53B0069138D6FE90026A20F /* Headers */,
				C53B006A138D6FE90026A20F /* Resources */,
			);
			buildRules = (
			);
			dependencies = (
			);
			name = PXListView;
			productName = PXListView;
			productReference = C53B006C138D6FE90026A20F /* PXListView.framework */;
			productType = "com.apple.product-type.framework";
		};
/* End PBXNativeTarget section */

/* Begin PBXProject section */
		29B97313FDCFA39411CA2CEA /* Project object */ = {
			isa = PBXProject;
			buildConfigurationList = C01FCF4E08A954540054247B /* Build configuration list for PBXProject "PXListView" */;
			compatibilityVersion = "Xcode 3.1";
			developmentRegion = English;
			hasScannedForEncodings = 1;
			knownRegions = (
				en,
			);
			mainGroup = 29B97314FDCFA39411CA2CEA /* PXListView */;
			projectDirPath = "";
			projectRoot = "";
			targets = (
				8D1107260486CEB800E47090 /* Demo App */,
				C53B006B138D6FE90026A20F /* PXListView */,
			);
		};
/* End PBXProject section */

/* Begin PBXResourcesBuildPhase section */
		8D1107290486CEB800E47090 /* Resources */ = {
			isa = PBXResourcesBuildPhase;
			buildActionMask = 2147483647;
			files = (
				D26669D211B1B302007597F1 /* InfoPlist.strings in Resources */,
				D26669D311B1B302007597F1 /* MainMenu.xib in Resources */,
				D279A64411B4E95600771B2A /* PXListView+Private.h in Resources */,
				D2BED6C01320E08D00E1D0D3 /* MyListViewCell.xib in Resources */,
			);
			runOnlyForDeploymentPostprocessing = 0;
		};
		C53B006A138D6FE90026A20F /* Resources */ = {
			isa = PBXResourcesBuildPhase;
			buildActionMask = 2147483647;
			files = (
			);
			runOnlyForDeploymentPostprocessing = 0;
		};
/* End PBXResourcesBuildPhase section */

/* Begin PBXSourcesBuildPhase section */
		8D11072C0486CEB800E47090 /* Sources */ = {
			isa = PBXSourcesBuildPhase;
			buildActionMask = 2147483647;
			files = (
				8D11072D0486CEB800E47090 /* main.m in Sources */,
				D26669CB11B1B2F1007597F1 /* AppDelegate.m in Sources */,
				D27858D211B1B5EA00F1CF30 /* PXListView.m in Sources */,
				D27858D511B1B5FC00F1CF30 /* PXListViewCell.m in Sources */,
				D278592411B1BA6C00F1CF30 /* PXListDocumentView.m in Sources */,
				D278597011B1BBE800F1CF30 /* MyListViewCell.m in Sources */,
				D25DDA7F133F58A20086783B /* PXListView+UserInteraction.m in Sources */,
			);
			runOnlyForDeploymentPostprocessing = 0;
		};
		C53B0067138D6FE90026A20F /* Sources */ = {
			isa = PBXSourcesBuildPhase;
			buildActionMask = 2147483647;
			files = (
				C53B007A138D700B0026A20F /* PXListView.m in Sources */,
				C53B007E138D700B0026A20F /* PXListView+UserInteraction.m in Sources */,
				C53B0081138D700B0026A20F /* PXListViewCell.m in Sources */,
				C53B0084138D700B0026A20F /* PXListDocumentView.m in Sources */,
			);
			runOnlyForDeploymentPostprocessing = 0;
		};
/* End PBXSourcesBuildPhase section */

/* Begin PBXVariantGroup section */
		C53B0072138D6FEA0026A20F /* InfoPlist.strings */ = {
			isa = PBXVariantGroup;
			children = (
				C53B0073138D6FEA0026A20F /* en */,
			);
			name = InfoPlist.strings;
			sourceTree = "<group>";
		};
		D26669CE11B1B302007597F1 /* InfoPlist.strings */ = {
			isa = PBXVariantGroup;
			children = (
				D26669CF11B1B302007597F1 /* English */,
			);
			name = InfoPlist.strings;
			sourceTree = "<group>";
		};
		D26669D011B1B302007597F1 /* MainMenu.xib */ = {
			isa = PBXVariantGroup;
			children = (
				D26669D111B1B302007597F1 /* English */,
			);
			name = MainMenu.xib;
			sourceTree = "<group>";
		};
/* End PBXVariantGroup section */

/* Begin XCBuildConfiguration section */
		C01FCF4B08A954540054247B /* Debug */ = {
			isa = XCBuildConfiguration;
			buildSettings = {
				ALWAYS_SEARCH_USER_PATHS = NO;
				COPY_PHASE_STRIP = NO;
				GCC_DYNAMIC_NO_PIC = NO;
				GCC_ENABLE_FIX_AND_CONTINUE = YES;
				GCC_MODEL_TUNING = G5;
				GCC_OPTIMIZATION_LEVEL = 0;
				GCC_PRECOMPILE_PREFIX_HEADER = YES;
				GCC_PREFIX_HEADER = PXListView_Prefix.pch;
				GCC_PREPROCESSOR_DEFINITIONS = "DEBUG=1";
				GCC_VERSION = com.apple.compilers.llvm.clang.1_0;
				GCC_WARN_64_TO_32_BIT_CONVERSION = YES;
				GCC_WARN_ABOUT_GLOBAL_CONSTRUCTORS = YES;
				GCC_WARN_ABOUT_MISSING_FIELD_INITIALIZERS = YES;
				GCC_WARN_ABOUT_MISSING_NEWLINE = YES;
				GCC_WARN_ABOUT_MISSING_PROTOTYPES = YES;
				GCC_WARN_CHECK_SWITCH_STATEMENTS = YES;
				GCC_WARN_INITIALIZER_NOT_FULLY_BRACKETED = YES;
				GCC_WARN_MISSING_PARENTHESES = YES;
				GCC_WARN_NON_VIRTUAL_DESTRUCTOR = YES;
				GCC_WARN_PEDANTIC = NO;
				GCC_WARN_SHADOW = YES;
				GCC_WARN_SIGN_COMPARE = YES;
				GCC_WARN_UNDECLARED_SELECTOR = YES;
				GCC_WARN_UNUSED_FUNCTION = YES;
				GCC_WARN_UNUSED_LABEL = YES;
				GCC_WARN_UNUSED_PARAMETER = YES;
				GCC_WARN_UNUSED_VALUE = YES;
				INFOPLIST_FILE = "Resources/PXListView-Info.plist";
				INSTALL_PATH = "$(HOME)/Applications";
				PRODUCT_NAME = PXListView;
			};
			name = Debug;
		};
		C01FCF4C08A954540054247B /* Release */ = {
			isa = XCBuildConfiguration;
			buildSettings = {
				ALWAYS_SEARCH_USER_PATHS = NO;
				COPY_PHASE_STRIP = NO;
				DEBUG_INFORMATION_FORMAT = "dwarf-with-dsym";
				GCC_MODEL_TUNING = G5;
				GCC_PRECOMPILE_PREFIX_HEADER = YES;
				GCC_PREFIX_HEADER = PXListView_Prefix.pch;
				GCC_VERSION = com.apple.compilers.llvm.clang.1_0;
				GCC_WARN_64_TO_32_BIT_CONVERSION = YES;
				GCC_WARN_ABOUT_GLOBAL_CONSTRUCTORS = YES;
				GCC_WARN_ABOUT_MISSING_FIELD_INITIALIZERS = YES;
				GCC_WARN_ABOUT_MISSING_NEWLINE = YES;
				GCC_WARN_ABOUT_MISSING_PROTOTYPES = YES;
				GCC_WARN_CHECK_SWITCH_STATEMENTS = YES;
				GCC_WARN_INITIALIZER_NOT_FULLY_BRACKETED = YES;
				GCC_WARN_MISSING_PARENTHESES = YES;
				GCC_WARN_NON_VIRTUAL_DESTRUCTOR = YES;
				GCC_WARN_PEDANTIC = NO;
				GCC_WARN_SHADOW = YES;
				GCC_WARN_SIGN_COMPARE = YES;
				GCC_WARN_UNDECLARED_SELECTOR = YES;
				GCC_WARN_UNUSED_FUNCTION = YES;
				GCC_WARN_UNUSED_LABEL = YES;
				GCC_WARN_UNUSED_PARAMETER = YES;
				GCC_WARN_UNUSED_VALUE = YES;
				INFOPLIST_FILE = "Resources/PXListView-Info.plist";
				INSTALL_PATH = "$(HOME)/Applications";
				PRODUCT_NAME = PXListView;
			};
			name = Release;
		};
		C01FCF4F08A954540054247B /* Debug */ = {
			isa = XCBuildConfiguration;
			buildSettings = {
				ARCHS = "$(ARCHS_STANDARD_32_64_BIT)";
				GCC_C_LANGUAGE_STANDARD = gnu99;
				GCC_OPTIMIZATION_LEVEL = 0;
				GCC_WARN_ABOUT_RETURN_TYPE = YES;
				GCC_WARN_UNUSED_VARIABLE = YES;
				ONLY_ACTIVE_ARCH = YES;
				PREBINDING = NO;
				SDKROOT = macosx10.6;
			};
			name = Debug;
		};
		C01FCF5008A954540054247B /* Release */ = {
			isa = XCBuildConfiguration;
			buildSettings = {
				ARCHS = "$(ARCHS_STANDARD_32_64_BIT)";
				GCC_C_LANGUAGE_STANDARD = gnu99;
				GCC_WARN_ABOUT_RETURN_TYPE = YES;
				GCC_WARN_UNUSED_VARIABLE = YES;
				PREBINDING = NO;
				SDKROOT = macosx10.6;
			};
			name = Release;
		};
		C53B0077138D6FEA0026A20F /* Debug */ = {
			isa = XCBuildConfiguration;
			buildSettings = {
				ALWAYS_SEARCH_USER_PATHS = NO;
				COPY_PHASE_STRIP = NO;
				DYLIB_COMPATIBILITY_VERSION = 1;
				DYLIB_CURRENT_VERSION = 1;
				FRAMEWORK_VERSION = A;
				GCC_DYNAMIC_NO_PIC = NO;
				GCC_ENABLE_OBJC_EXCEPTIONS = YES;
				GCC_PRECOMPILE_PREFIX_HEADER = YES;
				GCC_PREFIX_HEADER = "PXListView/PXListView-Prefix.pch";
				GCC_PREPROCESSOR_DEFINITIONS = DEBUG;
				GCC_SYMBOLS_PRIVATE_EXTERN = NO;
				GCC_VERSION = com.apple.compilers.llvm.clang.1_0;
				GCC_WARN_64_TO_32_BIT_CONVERSION = YES;
				INFOPLIST_FILE = "PXListView/PXListView-Info.plist";
				MACOSX_DEPLOYMENT_TARGET = 10.6;
				PRODUCT_NAME = "$(TARGET_NAME)";
				SDKROOT = macosx;
				WRAPPER_EXTENSION = framework;
			};
			name = Debug;
		};
		C53B0078138D6FEA0026A20F /* Release */ = {
			isa = XCBuildConfiguration;
			buildSettings = {
				ALWAYS_SEARCH_USER_PATHS = NO;
				COPY_PHASE_STRIP = YES;
				DEBUG_INFORMATION_FORMAT = "dwarf-with-dsym";
				DYLIB_COMPATIBILITY_VERSION = 1;
				DYLIB_CURRENT_VERSION = 1;
				FRAMEWORK_VERSION = A;
				GCC_ENABLE_OBJC_EXCEPTIONS = YES;
				GCC_PRECOMPILE_PREFIX_HEADER = YES;
				GCC_PREFIX_HEADER = "PXListView/PXListView-Prefix.pch";
				GCC_VERSION = com.apple.compilers.llvm.clang.1_0;
				GCC_WARN_64_TO_32_BIT_CONVERSION = YES;
				INFOPLIST_FILE = "PXListView/PXListView-Info.plist";
				MACOSX_DEPLOYMENT_TARGET = 10.6;
				PRODUCT_NAME = "$(TARGET_NAME)";
				SDKROOT = macosx;
				WRAPPER_EXTENSION = framework;
			};
			name = Release;
		};
/* End XCBuildConfiguration section */

/* Begin XCConfigurationList section */
		C01FCF4A08A954540054247B /* Build configuration list for PBXNativeTarget "Demo App" */ = {
			isa = XCConfigurationList;
			buildConfigurations = (
				C01FCF4B08A954540054247B /* Debug */,
				C01FCF4C08A954540054247B /* Release */,
			);
			defaultConfigurationIsVisible = 0;
			defaultConfigurationName = Release;
		};
		C01FCF4E08A954540054247B /* Build configuration list for PBXProject "PXListView" */ = {
			isa = XCConfigurationList;
			buildConfigurations = (
				C01FCF4F08A954540054247B /* Debug */,
				C01FCF5008A954540054247B /* Release */,
			);
			defaultConfigurationIsVisible = 0;
			defaultConfigurationName = Release;
		};
		C53B0076138D6FEA0026A20F /* Build configuration list for PBXNativeTarget "PXListView" */ = {
			isa = XCConfigurationList;
			buildConfigurations = (
				C53B0077138D6FEA0026A20F /* Debug */,
				C53B0078138D6FEA0026A20F /* Release */,
			);
			defaultConfigurationIsVisible = 0;
			defaultConfigurationName = Release;
		};
/* End XCConfigurationList section */
	};
	rootObject = 29B97313FDCFA39411CA2CEA /* Project object */;
}
